
Microsoft Visual Studio Solution File, Format Version 12.00
# Visual Studio Version 16
VisualStudioVersion = 16.0.31424.327
MinimumVisualStudioVersion = 10.0.40219.1
Project("{FAE04EC0-301F-11D3-BF4B-00C04F79EFBC}") = "BlindsUp.Android", "BlindsUp.Android\BlindsUp.Android.csproj", "{2A78222C-5B8E-4A63-B135-462C25E5FF06}"
EndProject
Project("{FAE04EC0-301F-11D3-BF4B-00C04F79EFBC}") = "BlindsUp", "BlindsUp\BlindsUp.csproj", "{1E482DFB-96A9-4292-A2E4-B156E176C4D9}"
EndProject
Global
	GlobalSection(SolutionConfigurationPlatforms) = preSolution
		Debug|Any CPU = Debug|Any CPU
		Release|Any CPU = Release|Any CPU
	EndGlobalSection
	GlobalSection(ProjectConfigurationPlatforms) = postSolution
		{2A78222C-5B8E-4A63-B135-462C25E5FF06}.Debug|Any CPU.ActiveCfg = Debug|Any CPU
		{2A78222C-5B8E-4A63-B135-462C25E5FF06}.Debug|Any CPU.Build.0 = Debug|Any CPU
		{2A78222C-5B8E-4A63-B135-462C25E5FF06}.Debug|Any CPU.Deploy.0 = Debug|Any CPU
		{2A78222C-5B8E-4A63-B135-462C25E5FF06}.Release|Any CPU.ActiveCfg = Release|Any CPU
		{2A78222C-5B8E-4A63-B135-462C25E5FF06}.Release|Any CPU.Build.0 = Release|Any CPU
		{2A78222C-5B8E-4A63-B135-462C25E5FF06}.Release|Any CPU.Deploy.0 = Release|Any CPU
		{1E482DFB-96A9-4292-A2E4-B156E176C4D9}.Debug|Any CPU.ActiveCfg = Debug|Any CPU
		{1E482DFB-96A9-4292-A2E4-B156E176C4D9}.Debug|Any CPU.Build.0 = Debug|Any CPU
		{1E482DFB-96A9-4292-A2E4-B156E176C4D9}.Debug|Any CPU.Deploy.0 = Debug|Any CPU
		{1E482DFB-96A9-4292-A2E4-B156E176C4D9}.Release|Any CPU.ActiveCfg = Release|Any CPU
		{1E482DFB-96A9-4292-A2E4-B156E176C4D9}.Release|Any CPU.Build.0 = Release|Any CPU
		{1E482DFB-96A9-4292-A2E4-B156E176C4D9}.Release|Any CPU.Deploy.0 = Release|Any CPU
	EndGlobalSection
	GlobalSection(SolutionProperties) = preSolution
		HideSolutionNode = FALSE
	EndGlobalSection
	GlobalSection(ExtensibilityGlobals) = postSolution
		SolutionGuid = {829D6202-2D56-42AF-A9D6-174D9ADF9360}
	EndGlobalSection
EndGlobal
